{
  "object": {
    "pins": [
      {
        "package": "Datable",
        "repositoryURL": "https://github.com/OperatorFoundation/Datable.git",
        "state": {
          "branch": null,
          "revision": "9e2d1854337363fd50ef6401fa5518a508b3964e",
          "version": "0.1.2"
        }
      }
    ]
  },
  "version": 1
}
