{
  "object": {
    "pins": [
      {
        "package": "Datable",
        "repositoryURL": "https://github.com/OperatorFoundation/Datable.git",
        "state": {
          "branch": null,
          "revision": "a70d277ddda3189965a979724e0486dadd702a0c",
          "version": "0.0.10"
        }
      }
    ]
  },
  "version": 1
}
